
Microsoft Visual Studio Solution File, Format Version 12.00
# Visual Studio Version 16
VisualStudioVersion = 16.0.31313.79
MinimumVisualStudioVersion = 10.0.40219.1
Project("{9A19103F-16F7-4668-BE54-9A1E7A4F7556}") = "Availibility", "Availibility.csproj", "{8C76DE06-56FB-4D85-B273-3D0D7896FF90}"
EndProject
Project("{FAE04EC0-301F-11D3-BF4B-00C04F79EFBC}") = "scratch", "..\scratch\scratch.csproj", "{4723E6ED-0231-4FB8-80FA-4E60465FC5F4}"
EndProject
Global
	GlobalSection(SolutionConfigurationPlatforms) = preSolution
		Debug|Any CPU = Debug|Any CPU
		Release|Any CPU = Release|Any CPU
	EndGlobalSection
	GlobalSection(ProjectConfigurationPlatforms) = postSolution
		{8C76DE06-56FB-4D85-B273-3D0D7896FF90}.Debug|Any CPU.ActiveCfg = Debug|Any CPU
		{8C76DE06-56FB-4D85-B273-3D0D7896FF90}.Debug|Any CPU.Build.0 = Debug|Any CPU
		{8C76DE06-56FB-4D85-B273-3D0D7896FF90}.Release|Any CPU.ActiveCfg = Release|Any CPU
		{8C76DE06-56FB-4D85-B273-3D0D7896FF90}.Release|Any CPU.Build.0 = Release|Any CPU
		{4723E6ED-0231-4FB8-80FA-4E60465FC5F4}.Debug|Any CPU.ActiveCfg = Debug|Any CPU
		{4723E6ED-0231-4FB8-80FA-4E60465FC5F4}.Debug|Any CPU.Build.0 = Debug|Any CPU
		{4723E6ED-0231-4FB8-80FA-4E60465FC5F4}.Release|Any CPU.ActiveCfg = Release|Any CPU
		{4723E6ED-0231-4FB8-80FA-4E60465FC5F4}.Release|Any CPU.Build.0 = Release|Any CPU
	EndGlobalSection
	GlobalSection(SolutionProperties) = preSolution
		HideSolutionNode = FALSE
	EndGlobalSection
	GlobalSection(ExtensibilityGlobals) = postSolution
		SolutionGuid = {352E8F56-E8C4-43CA-9AE8-3F091B56FD6E}
	EndGlobalSection
EndGlobal
